
Microsoft Visual Studio Solution File, Format Version 12.00
# Visual Studio Version 16
VisualStudioVersion = 16.0.30804.86
MinimumVisualStudioVersion = 10.0.40219.1
Project("{FAE04EC0-301F-11D3-BF4B-00C04F79EFBC}") = "CrudAngular", "CrudAngular.csproj", "{AEAEA037-159F-4466-8948-180D0A8C2B63}"
EndProject
Global
	GlobalSection(SolutionConfigurationPlatforms) = preSolution
		Debug|Any CPU = Debug|Any CPU
		Release|Any CPU = Release|Any CPU
	EndGlobalSection
	GlobalSection(ProjectConfigurationPlatforms) = postSolution
		{AEAEA037-159F-4466-8948-180D0A8C2B63}.Debug|Any CPU.ActiveCfg = Debug|Any CPU
		{AEAEA037-159F-4466-8948-180D0A8C2B63}.Debug|Any CPU.Build.0 = Debug|Any CPU
		{AEAEA037-159F-4466-8948-180D0A8C2B63}.Release|Any CPU.ActiveCfg = Release|Any CPU
		{AEAEA037-159F-4466-8948-180D0A8C2B63}.Release|Any CPU.Build.0 = Release|Any CPU
	EndGlobalSection
	GlobalSection(SolutionProperties) = preSolution
		HideSolutionNode = FALSE
	EndGlobalSection
	GlobalSection(ExtensibilityGlobals) = postSolution
		SolutionGuid = {947ADE09-5B57-476D-B317-BB6E8AE19C69}
	EndGlobalSection
EndGlobal
